
Microsoft Visual Studio Solution File, Format Version 12.00
# Visual Studio 15
VisualStudioVersion = 15.0.26730.16
MinimumVisualStudioVersion = 10.0.40219.1
Project("{FAE04EC0-301F-11D3-BF4B-00C04F79EFBC}") = "Restaurant", "Restaurant\Restaurant.csproj", "{BAF2A76A-8C27-4F28-810E-04EF13FD5084}"
EndProject
Project("{FAE04EC0-301F-11D3-BF4B-00C04F79EFBC}") = "Test", "Test\Test.csproj", "{153CE8AA-C8E0-46AB-8F8C-5C955E427D18}"
EndProject
Global
	GlobalSection(SolutionConfigurationPlatforms) = preSolution
		Debug|Any CPU = Debug|Any CPU
		Release|Any CPU = Release|Any CPU
	EndGlobalSection
	GlobalSection(ProjectConfigurationPlatforms) = postSolution
		{BAF2A76A-8C27-4F28-810E-04EF13FD5084}.Debug|Any CPU.ActiveCfg = Debug|Any CPU
		{BAF2A76A-8C27-4F28-810E-04EF13FD5084}.Debug|Any CPU.Build.0 = Debug|Any CPU
		{BAF2A76A-8C27-4F28-810E-04EF13FD5084}.Release|Any CPU.ActiveCfg = Release|Any CPU
		{BAF2A76A-8C27-4F28-810E-04EF13FD5084}.Release|Any CPU.Build.0 = Release|Any CPU
		{153CE8AA-C8E0-46AB-8F8C-5C955E427D18}.Debug|Any CPU.ActiveCfg = Debug|Any CPU
		{153CE8AA-C8E0-46AB-8F8C-5C955E427D18}.Debug|Any CPU.Build.0 = Debug|Any CPU
		{153CE8AA-C8E0-46AB-8F8C-5C955E427D18}.Release|Any CPU.ActiveCfg = Release|Any CPU
		{153CE8AA-C8E0-46AB-8F8C-5C955E427D18}.Release|Any CPU.Build.0 = Release|Any CPU
	EndGlobalSection
	GlobalSection(SolutionProperties) = preSolution
		HideSolutionNode = FALSE
	EndGlobalSection
	GlobalSection(ExtensibilityGlobals) = postSolution
		SolutionGuid = {42E3E3E8-7B3D-4D23-B104-B2F642FCBA57}
	EndGlobalSection
EndGlobal
